
Microsoft Visual Studio Solution File, Format Version 12.00
# Visual Studio Version 17
VisualStudioVersion = 17.13.35931.197 d17.13
MinimumVisualStudioVersion = 10.0.40219.1
Project("{FAE04EC0-301F-11D3-BF4B-00C04F79EFBC}") = "MantenimientoEscolarCliente", "MantenimientoEscolarCliente.csproj", "{C32BA264-54B6-46F9-BEF2-96C163E626AE}"
EndProject
Global
	GlobalSection(SolutionConfigurationPlatforms) = preSolution
		Debug|Any CPU = Debug|Any CPU
		Release|Any CPU = Release|Any CPU
	EndGlobalSection
	GlobalSection(ProjectConfigurationPlatforms) = postSolution
		{C32BA264-54B6-46F9-BEF2-96C163E626AE}.Debug|Any CPU.ActiveCfg = Debug|Any CPU
		{C32BA264-54B6-46F9-BEF2-96C163E626AE}.Debug|Any CPU.Build.0 = Debug|Any CPU
		{C32BA264-54B6-46F9-BEF2-96C163E626AE}.Release|Any CPU.ActiveCfg = Release|Any CPU
		{C32BA264-54B6-46F9-BEF2-96C163E626AE}.Release|Any CPU.Build.0 = Release|Any CPU
	EndGlobalSection
	GlobalSection(SolutionProperties) = preSolution
		HideSolutionNode = FALSE
	EndGlobalSection
	GlobalSection(ExtensibilityGlobals) = postSolution
		SolutionGuid = {1678F478-E88B-487B-A44B-217DF8B3271F}
	EndGlobalSection
EndGlobal
